
Microsoft Visual Studio Solution File, Format Version 11.00
# Visual Studio 2010
Project("{FAE04EC0-301F-11D3-BF4B-00C04F79EFBC}") = "GymSoft.Shell", "GymSoft.Shell\GymSoft.Shell.csproj", "{27831842-7F7F-4FD8-8EBB-3F2453D87095}"
EndProject
Project("{FAE04EC0-301F-11D3-BF4B-00C04F79EFBC}") = "GymSoft.UserModule", "GymSoft.UserModule\GymSoft.UserModule.csproj", "{BDA171BC-5FBB-4945-9ABC-A04C86F70432}"
EndProject
Project("{FAE04EC0-301F-11D3-BF4B-00C04F79EFBC}") = "GymSoft.RoleModule", "GymSoft.RoleModule\GymSoft.RoleModule.csproj", "{3AFFDA41-A4A1-45C9-A1EB-1CD123689386}"
EndProject
Project("{FAE04EC0-301F-11D3-BF4B-00C04F79EFBC}") = "GymSoft.Common", "GymSoft.Common\GymSoft.Common.csproj", "{756937EB-6334-4FBB-860C-374A384C7725}"
EndProject
Project("{FAE04EC0-301F-11D3-BF4B-00C04F79EFBC}") = "GymSoft.UserModule.Test", "GymSoft.UserModule.Test\GymSoft.UserModule.Test.csproj", "{90E0D528-31E7-4104-B57E-F0EC447E3B91}"
EndProject
Project("{2150E333-8FDC-42A3-9474-1A3956D46DE8}") = "Solution Items", "Solution Items", "{3F5C8523-5228-449F-A33B-0BA58E0C2C3B}"
	ProjectSection(SolutionItems) = preProject
		GymSoft.vsmdi = GymSoft.vsmdi
		Local.testsettings = Local.testsettings
		TraceAndTestImpact.testsettings = TraceAndTestImpact.testsettings
	EndProjectSection
EndProject
Global
	GlobalSection(TestCaseManagementSettings) = postSolution
		CategoryFile = GymSoft.vsmdi
	EndGlobalSection
	GlobalSection(SolutionConfigurationPlatforms) = preSolution
		Debug|Any CPU = Debug|Any CPU
		Debug|Mixed Platforms = Debug|Mixed Platforms
		Debug|x86 = Debug|x86
		Release|Any CPU = Release|Any CPU
		Release|Mixed Platforms = Release|Mixed Platforms
		Release|x86 = Release|x86
	EndGlobalSection
	GlobalSection(ProjectConfigurationPlatforms) = postSolution
		{27831842-7F7F-4FD8-8EBB-3F2453D87095}.Debug|Any CPU.ActiveCfg = Debug|x86
		{27831842-7F7F-4FD8-8EBB-3F2453D87095}.Debug|Mixed Platforms.ActiveCfg = Debug|x86
		{27831842-7F7F-4FD8-8EBB-3F2453D87095}.Debug|Mixed Platforms.Build.0 = Debug|x86
		{27831842-7F7F-4FD8-8EBB-3F2453D87095}.Debug|x86.ActiveCfg = Debug|x86
		{27831842-7F7F-4FD8-8EBB-3F2453D87095}.Debug|x86.Build.0 = Debug|x86
		{27831842-7F7F-4FD8-8EBB-3F2453D87095}.Release|Any CPU.ActiveCfg = Release|x86
		{27831842-7F7F-4FD8-8EBB-3F2453D87095}.Release|Mixed Platforms.ActiveCfg = Release|x86
		{27831842-7F7F-4FD8-8EBB-3F2453D87095}.Release|Mixed Platforms.Build.0 = Release|x86
		{27831842-7F7F-4FD8-8EBB-3F2453D87095}.Release|x86.ActiveCfg = Release|x86
		{27831842-7F7F-4FD8-8EBB-3F2453D87095}.Release|x86.Build.0 = Release|x86
		{BDA171BC-5FBB-4945-9ABC-A04C86F70432}.Debug|Any CPU.ActiveCfg = Debug|Any CPU
		{BDA171BC-5FBB-4945-9ABC-A04C86F70432}.Debug|Any CPU.Build.0 = Debug|Any CPU
		{BDA171BC-5FBB-4945-9ABC-A04C86F70432}.Debug|Mixed Platforms.ActiveCfg = Debug|Any CPU
		{BDA171BC-5FBB-4945-9ABC-A04C86F70432}.Debug|Mixed Platforms.Build.0 = Debug|Any CPU
		{BDA171BC-5FBB-4945-9ABC-A04C86F70432}.Debug|x86.ActiveCfg = Debug|Any CPU
		{BDA171BC-5FBB-4945-9ABC-A04C86F70432}.Release|Any CPU.ActiveCfg = Release|Any CPU
		{BDA171BC-5FBB-4945-9ABC-A04C86F70432}.Release|Any CPU.Build.0 = Release|Any CPU
		{BDA171BC-5FBB-4945-9ABC-A04C86F70432}.Release|Mixed Platforms.ActiveCfg = Release|Any CPU
		{BDA171BC-5FBB-4945-9ABC-A04C86F70432}.Release|Mixed Platforms.Build.0 = Release|Any CPU
		{BDA171BC-5FBB-4945-9ABC-A04C86F70432}.Release|x86.ActiveCfg = Release|Any CPU
		{3AFFDA41-A4A1-45C9-A1EB-1CD123689386}.Debug|Any CPU.ActiveCfg = Debug|x86
		{3AFFDA41-A4A1-45C9-A1EB-1CD123689386}.Debug|Mixed Platforms.ActiveCfg = Debug|x86
		{3AFFDA41-A4A1-45C9-A1EB-1CD123689386}.Debug|Mixed Platforms.Build.0 = Debug|x86
		{3AFFDA41-A4A1-45C9-A1EB-1CD123689386}.Debug|x86.ActiveCfg = Debug|x86
		{3AFFDA41-A4A1-45C9-A1EB-1CD123689386}.Debug|x86.Build.0 = Debug|x86
		{3AFFDA41-A4A1-45C9-A1EB-1CD123689386}.Release|Any CPU.ActiveCfg = Release|x86
		{3AFFDA41-A4A1-45C9-A1EB-1CD123689386}.Release|Mixed Platforms.ActiveCfg = Release|x86
		{3AFFDA41-A4A1-45C9-A1EB-1CD123689386}.Release|Mixed Platforms.Build.0 = Release|x86
		{3AFFDA41-A4A1-45C9-A1EB-1CD123689386}.Release|x86.ActiveCfg = Release|x86
		{3AFFDA41-A4A1-45C9-A1EB-1CD123689386}.Release|x86.Build.0 = Release|x86
		{756937EB-6334-4FBB-860C-374A384C7725}.Debug|Any CPU.ActiveCfg = Debug|Any CPU
		{756937EB-6334-4FBB-860C-374A384C7725}.Debug|Any CPU.Build.0 = Debug|Any CPU
		{756937EB-6334-4FBB-860C-374A384C7725}.Debug|Mixed Platforms.ActiveCfg = Debug|Any CPU
		{756937EB-6334-4FBB-860C-374A384C7725}.Debug|Mixed Platforms.Build.0 = Debug|Any CPU
		{756937EB-6334-4FBB-860C-374A384C7725}.Debug|x86.ActiveCfg = Debug|Any CPU
		{756937EB-6334-4FBB-860C-374A384C7725}.Release|Any CPU.ActiveCfg = Release|Any CPU
		{756937EB-6334-4FBB-860C-374A384C7725}.Release|Any CPU.Build.0 = Release|Any CPU
		{756937EB-6334-4FBB-860C-374A384C7725}.Release|Mixed Platforms.ActiveCfg = Release|Any CPU
		{756937EB-6334-4FBB-860C-374A384C7725}.Release|Mixed Platforms.Build.0 = Release|Any CPU
		{756937EB-6334-4FBB-860C-374A384C7725}.Release|x86.ActiveCfg = Release|Any CPU
		{90E0D528-31E7-4104-B57E-F0EC447E3B91}.Debug|Any CPU.ActiveCfg = Debug|Any CPU
		{90E0D528-31E7-4104-B57E-F0EC447E3B91}.Debug|Any CPU.Build.0 = Debug|Any CPU
		{90E0D528-31E7-4104-B57E-F0EC447E3B91}.Debug|Mixed Platforms.ActiveCfg = Debug|Any CPU
		{90E0D528-31E7-4104-B57E-F0EC447E3B91}.Debug|Mixed Platforms.Build.0 = Debug|Any CPU
		{90E0D528-31E7-4104-B57E-F0EC447E3B91}.Debug|x86.ActiveCfg = Debug|Any CPU
		{90E0D528-31E7-4104-B57E-F0EC447E3B91}.Release|Any CPU.ActiveCfg = Release|Any CPU
		{90E0D528-31E7-4104-B57E-F0EC447E3B91}.Release|Any CPU.Build.0 = Release|Any CPU
		{90E0D528-31E7-4104-B57E-F0EC447E3B91}.Release|Mixed Platforms.ActiveCfg = Release|Any CPU
		{90E0D528-31E7-4104-B57E-F0EC447E3B91}.Release|Mixed Platforms.Build.0 = Release|Any CPU
		{90E0D528-31E7-4104-B57E-F0EC447E3B91}.Release|x86.ActiveCfg = Release|Any CPU
	EndGlobalSection
	GlobalSection(SolutionProperties) = preSolution
		HideSolutionNode = FALSE
	EndGlobalSection
EndGlobal
